{
    "version": 3,
    "terraform_version": "0.11.7",
    "serial": 2,
    "lineage": "274c4e0f-034c-c648-a48c-34bbfedcba5b",
    "modules": [
        {
            "path": [
                "root"
            ],
            "outputs": {
                "database_name": {
                    "sensitive": false,
                    "type": "string",
                    "value": "mydatabase"
                },
                "sql_admin_username": {
                    "sensitive": false,
                    "type": "string",
                    "value": "azureuser"
                },
                "sql_password": {
                    "sensitive": false,
                    "type": "string",
                    "value": "P@ssw0rd12345!"
                },
                "sql_server_fqdn": {
                    "sensitive": false,
                    "type": "string",
                    "value": "mydatabase-sqlsvr.database.windows.net"
                },
                "sql_server_name": {
                    "sensitive": false,
                    "type": "string",
                    "value": "mydatabase-sqlsvr"
                }
            },
            "resources": {},
            "depends_on": []
        },
        {
            "path": [
                "root",
                "sql-database"
            ],
            "outputs": {
                "connection_string": {
                    "sensitive": false,
                    "type": "string",
                    "value": "Server=tcp:mydatabase-sqlsvr.database.windows.net,1433;Initial Catalog=mydatabase;Persist Security Info=False;User ID=azureuser;Password=P@ssw0rd12345!;MultipleActiveResultSets=False;Encrypt=True;TrustServerCertificate=False;Connection Timeout=30;"
                },
                "database_name": {
                    "sensitive": false,
                    "type": "string",
                    "value": "mydatabase"
                },
                "sql_server_fqdn": {
                    "sensitive": false,
                    "type": "string",
                    "value": "mydatabase-sqlsvr.database.windows.net"
                },
                "sql_server_location": {
                    "sensitive": false,
                    "type": "string",
                    "value": "westus2"
                },
                "sql_server_name": {
                    "sensitive": false,
                    "type": "string",
                    "value": "mydatabase-sqlsvr"
                },
                "sql_server_version": {
                    "sensitive": false,
                    "type": "string",
                    "value": "12.0"
                }
            },
            "resources": {
                "azurerm_resource_group.rg": {
                    "type": "azurerm_resource_group",
                    "depends_on": [],
                    "primary": {
                        "id": "/subscriptions/85b3dbca-5974-4067-9669-67a141095a76/resourceGroups/mssqlResourceGroup",
                        "attributes": {
                            "id": "/subscriptions/85b3dbca-5974-4067-9669-67a141095a76/resourceGroups/mssqlResourceGroup",
                            "location": "westus2",
                            "name": "mssqlResourceGroup",
                            "tags.%": "0"
                        },
                        "meta": {},
                        "tainted": false
                    },
                    "deposed": [],
                    "provider": "provider.azurerm"
                },
                "azurerm_sql_database.db": {
                    "type": "azurerm_sql_database",
                    "depends_on": [
                        "azurerm_resource_group.rg",
                        "azurerm_sql_server.server"
                    ],
                    "primary": {
                        "id": "/subscriptions/85b3dbca-5974-4067-9669-67a141095a76/resourceGroups/mssqlResourceGroup/providers/Microsoft.Sql/servers/mydatabase-sqlsvr/databases/mydatabase",
                        "attributes": {
                            "collation": "SQL_Latin1_General_CP1_CI_AS",
                            "create_mode": "Default",
                            "creation_date": "2018-07-12T03:56:48.027Z",
                            "default_secondary_location": "West Central US",
                            "edition": "Basic",
                            "elastic_pool_name": "",
                            "encryption": "",
                            "id": "/subscriptions/85b3dbca-5974-4067-9669-67a141095a76/resourceGroups/mssqlResourceGroup/providers/Microsoft.Sql/servers/mydatabase-sqlsvr/databases/mydatabase",
                            "location": "westus2",
                            "max_size_bytes": "2147483648",
                            "name": "mydatabase",
                            "requested_service_objective_id": "dd6d99bb-f193-4ec1-86f2-43d3bccbc49c",
                            "requested_service_objective_name": "Basic",
                            "resource_group_name": "mssqlResourceGroup",
                            "server_name": "mydatabase-sqlsvr",
                            "tags.%": "2",
                            "tags.tag1": "",
                            "tags.tag2": ""
                        },
                        "meta": {},
                        "tainted": false
                    },
                    "deposed": [],
                    "provider": "provider.azurerm"
                },
                "azurerm_sql_firewall_rule.fw": {
                    "type": "azurerm_sql_firewall_rule",
                    "depends_on": [
                        "azurerm_resource_group.rg",
                        "azurerm_sql_server.server"
                    ],
                    "primary": {
                        "id": "/subscriptions/85b3dbca-5974-4067-9669-67a141095a76/resourceGroups/mssqlResourceGroup/providers/Microsoft.Sql/servers/mydatabase-sqlsvr/firewallRules/mydatabase-fwrules",
                        "attributes": {
                            "end_ip_address": "255.255.255.255",
                            "id": "/subscriptions/85b3dbca-5974-4067-9669-67a141095a76/resourceGroups/mssqlResourceGroup/providers/Microsoft.Sql/servers/mydatabase-sqlsvr/firewallRules/mydatabase-fwrules",
                            "name": "mydatabase-fwrules",
                            "resource_group_name": "mssqlResourceGroup",
                            "server_name": "mydatabase-sqlsvr",
                            "start_ip_address": "0.0.0.0"
                        },
                        "meta": {},
                        "tainted": false
                    },
                    "deposed": [],
                    "provider": "provider.azurerm"
                },
                "azurerm_sql_server.server": {
                    "type": "azurerm_sql_server",
                    "depends_on": [
                        "azurerm_resource_group.rg"
                    ],
                    "primary": {
                        "id": "/subscriptions/85b3dbca-5974-4067-9669-67a141095a76/resourceGroups/mssqlResourceGroup/providers/Microsoft.Sql/servers/mydatabase-sqlsvr",
                        "attributes": {
                            "administrator_login": "azureuser",
                            "administrator_login_password": "P@ssw0rd12345!",
                            "fully_qualified_domain_name": "mydatabase-sqlsvr.database.windows.net",
                            "id": "/subscriptions/85b3dbca-5974-4067-9669-67a141095a76/resourceGroups/mssqlResourceGroup/providers/Microsoft.Sql/servers/mydatabase-sqlsvr",
                            "location": "westus2",
                            "name": "mydatabase-sqlsvr",
                            "resource_group_name": "mssqlResourceGroup",
                            "tags.%": "2",
                            "tags.tag1": "",
                            "tags.tag2": "",
                            "version": "12.0"
                        },
                        "meta": {},
                        "tainted": false
                    },
                    "deposed": [],
                    "provider": "provider.azurerm"
                }
            },
            "depends_on": []
        }
    ]
}
